
Microsoft Visual Studio Solution File, Format Version 12.00
Project("{FAE04EC0-301F-11D3-BF4B-00C04F79EFBC}") = "SVGUtils", "SVGUtils\SVGUtils.csproj", "{43670357-56D8-4C86-A51F-EBA7B5207713}"
EndProject
Global
	GlobalSection(SolutionConfigurationPlatforms) = preSolution
		Debug|Any CPU = Debug|Any CPU
		Release|Any CPU = Release|Any CPU
	EndGlobalSection
	GlobalSection(ProjectConfigurationPlatforms) = postSolution
		{43670357-56D8-4C86-A51F-EBA7B5207713}.Debug|Any CPU.ActiveCfg = Debug|Any CPU
		{43670357-56D8-4C86-A51F-EBA7B5207713}.Debug|Any CPU.Build.0 = Debug|Any CPU
		{43670357-56D8-4C86-A51F-EBA7B5207713}.Release|Any CPU.ActiveCfg = Release|Any CPU
		{43670357-56D8-4C86-A51F-EBA7B5207713}.Release|Any CPU.Build.0 = Release|Any CPU
	EndGlobalSection
EndGlobal
